// !$*UTF8*$!
{
	archiveVersion = 1;
	classes = {
	};
	objectVersion = 55;
	objects = {

/* Begin PBXBuildFile section */
		F6FAF32F28D42270008BBD7F /* ageGuesserApp.swift in Sources */ = {isa = PBXBuildFile; fileRef = F6FAF32E28D42270008BBD7F /* ageGuesserApp.swift */; };
		F6FAF33128D42270008BBD7F /* ContentView.swift in Sources */ = {isa = PBXBuildFile; fileRef = F6FAF33028D42270008BBD7F /* ContentView.swift */; };
		F6FAF33328D42275008BBD7F /* Assets.xcassets in Resources */ = {isa = PBXBuildFile; fileRef = F6FAF33228D42275008BBD7F /* Assets.xcassets */; };
		F6FAF33628D42275008BBD7F /* Preview Assets.xcassets in Resources */ = {isa = PBXBuildFile; fileRef = F6FAF33528D42275008BBD7F /* Preview Assets.xcassets */; };
		F6FAF34128D426EA008BBD7F /* ApiService.swift in Sources */ = {isa = PBXBuildFile; fileRef = F6FAF34028D426EA008BBD7F /* ApiService.swift */; };
		F6FAF34328D4270B008BBD7F /* AgeViewModel.swift in Sources */ = {isa = PBXBuildFile; fileRef = F6FAF34228D4270B008BBD7F /* AgeViewModel.swift */; };
		F6FAF34528D42721008BBD7F /* AgeView.swift in Sources */ = {isa = PBXBuildFile; fileRef = F6FAF34428D42721008BBD7F /* AgeView.swift */; };
/* End PBXBuildFile section */

/* Begin PBXFileReference section */
		F6FAF32B28D42270008BBD7F /* ageGuesser.app */ = {isa = PBXFileReference; explicitFileType = wrapper.application; includeInIndex = 0; path = ageGuesser.app; sourceTree = BUILT_PRODUCTS_DIR; };
		F6FAF32E28D42270008BBD7F /* ageGuesserApp.swift */ = {isa = PBXFileReference; lastKnownFileType = sourcecode.swift; path = ageGuesserApp.swift; sourceTree = "<group>"; };
		F6FAF33028D42270008BBD7F /* ContentView.swift */ = {isa = PBXFileReference; lastKnownFileType = sourcecode.swift; path = ContentView.swift; sourceTree = "<group>"; };
		F6FAF33228D42275008BBD7F /* Assets.xcassets */ = {isa = PBXFileReference; lastKnownFileType = folder.assetcatalog; path = Assets.xcassets; sourceTree = "<group>"; };
		F6FAF33528D42275008BBD7F /* Preview Assets.xcassets */ = {isa = PBXFileReference; lastKnownFileType = folder.assetcatalog; path = "Preview Assets.xcassets"; sourceTree = "<group>"; };
		F6FAF34028D426EA008BBD7F /* ApiService.swift */ = {isa = PBXFileReference; lastKnownFileType = sourcecode.swift; path = ApiService.swift; sourceTree = "<group>"; };
		F6FAF34228D4270B008BBD7F /* AgeViewModel.swift */ = {isa = PBXFileReference; lastKnownFileType = sourcecode.swift; path = AgeViewModel.swift; sourceTree = "<group>"; };
		F6FAF34428D42721008BBD7F /* AgeView.swift */ = {isa = PBXFileReference; lastKnownFileType = sourcecode.swift; path = AgeView.swift; sourceTree = "<group>"; };
/* End PBXFileReference section */

/* Begin PBXFrameworksBuildPhase section */
		F6FAF32828D42270008BBD7F /* Frameworks */ = {
			isa = PBXFrameworksBuildPhase;
			buildActionMask = 2147483647;
			files = (
			);
			runOnlyForDeploymentPostprocessing = 0;
		};
/* End PBXFrameworksBuildPhase section */

/* Begin PBXGroup section */
		F6FAF32228D42270008BBD7F = {
			isa = PBXGroup;
			children = (
				F6FAF32D28D42270008BBD7F /* ageGuesser */,
				F6FAF32C28D42270008BBD7F /* Products */,
			);
			sourceTree = "<group>";
		};
		F6FAF32C28D42270008BBD7F /* Products */ = {
			isa = PBXGroup;
			children = (
				F6FAF32B28D42270008BBD7F /* ageGuesser.app */,
			);
			name = Products;
			sourceTree = "<group>";
		};
		F6FAF32D28D42270008BBD7F /* ageGuesser */ = {
			isa = PBXGroup;
			children = (
				F6FAF32E28D42270008BBD7F /* ageGuesserApp.swift */,
				F6FAF33228D42275008BBD7F /* Assets.xcassets */,
				F6FAF33C28D4260E008BBD7F /* Views */,
				F6FAF33F28D42643008BBD7F /* Models */,
				F6FAF33D28D42613008BBD7F /* ViewModels */,
				F6FAF33428D42275008BBD7F /* Preview Content */,
			);
			path = ageGuesser;
			sourceTree = "<group>";
		};
		F6FAF33428D42275008BBD7F /* Preview Content */ = {
			isa = PBXGroup;
			children = (
				F6FAF33528D42275008BBD7F /* Preview Assets.xcassets */,
			);
			path = "Preview Content";
			sourceTree = "<group>";
		};
		F6FAF33C28D4260E008BBD7F /* Views */ = {
			isa = PBXGroup;
			children = (
				F6FAF33028D42270008BBD7F /* ContentView.swift */,
				F6FAF34428D42721008BBD7F /* AgeView.swift */,
			);
			path = Views;
			sourceTree = "<group>";
		};
		F6FAF33D28D42613008BBD7F /* ViewModels */ = {
			isa = PBXGroup;
			children = (
				F6FAF34228D4270B008BBD7F /* AgeViewModel.swift */,
			);
			path = ViewModels;
			sourceTree = "<group>";
		};
		F6FAF33F28D42643008BBD7F /* Models */ = {
			isa = PBXGroup;
			children = (
				F6FAF34028D426EA008BBD7F /* ApiService.swift */,
			);
			path = Models;
			sourceTree = "<group>";
		};
/* End PBXGroup section */

/* Begin PBXNativeTarget section */
		F6FAF32A28D42270008BBD7F /* ageGuesser */ = {
			isa = PBXNativeTarget;
			buildConfigurationList = F6FAF33928D42275008BBD7F /* Build configuration list for PBXNativeTarget "ageGuesser" */;
			buildPhases = (
				F6FAF32728D42270008BBD7F /* Sources */,
				F6FAF32828D42270008BBD7F /* Frameworks */,
				F6FAF32928D42270008BBD7F /* Resources */,
			);
			buildRules = (
			);
			dependencies = (
			);
			name = ageGuesser;
			productName = ageGuesser;
			productReference = F6FAF32B28D42270008BBD7F /* ageGuesser.app */;
			productType = "com.apple.product-type.application";
		};
/* End PBXNativeTarget section */

/* Begin PBXProject section */
		F6FAF32328D42270008BBD7F /* Project object */ = {
			isa = PBXProject;
			attributes = {
				BuildIndependentTargetsInParallel = 1;
				LastSwiftUpdateCheck = 1340;
				LastUpgradeCheck = 1340;
				TargetAttributes = {
					F6FAF32A28D42270008BBD7F = {
						CreatedOnToolsVersion = 13.4.1;
					};
				};
			};
			buildConfigurationList = F6FAF32628D42270008BBD7F /* Build configuration list for PBXProject "ageGuesser" */;
			compatibilityVersion = "Xcode 13.0";
			developmentRegion = en;
			hasScannedForEncodings = 0;
			knownRegions = (
				en,
				Base,
			);
			mainGroup = F6FAF32228D42270008BBD7F;
			productRefGroup = F6FAF32C28D42270008BBD7F /* Products */;
			projectDirPath = "";
			projectRoot = "";
			targets = (
				F6FAF32A28D42270008BBD7F /* ageGuesser */,
			);
		};
/* End PBXProject section */

/* Begin PBXResourcesBuildPhase section */
		F6FAF32928D42270008BBD7F /* Resources */ = {
			isa = PBXResourcesBuildPhase;
			buildActionMask = 2147483647;
			files = (
				F6FAF33628D42275008BBD7F /* Preview Assets.xcassets in Resources */,
				F6FAF33328D42275008BBD7F /* Assets.xcassets in Resources */,
			);
			runOnlyForDeploymentPostprocessing = 0;
		};
/* End PBXResourcesBuildPhase section */

/* Begin PBXSourcesBuildPhase section */
		F6FAF32728D42270008BBD7F /* Sources */ = {
			isa = PBXSourcesBuildPhase;
			buildActionMask = 2147483647;
			files = (
				F6FAF33128D42270008BBD7F /* ContentView.swift in Sources */,
				F6FAF34528D42721008BBD7F /* AgeView.swift in Sources */,
				F6FAF32F28D42270008BBD7F /* ageGuesserApp.swift in Sources */,
				F6FAF34328D4270B008BBD7F /* AgeViewModel.swift in Sources */,
				F6FAF34128D426EA008BBD7F /* ApiService.swift in Sources */,
			);
			runOnlyForDeploymentPostprocessing = 0;
		};
/* End PBXSourcesBuildPhase section */

/* Begin XCBuildConfiguration section */
		F6FAF33728D42275008BBD7F /* Debug */ = {
			isa = XCBuildConfiguration;
			buildSettings = {
				ALWAYS_SEARCH_USER_PATHS = NO;
				CLANG_ANALYZER_NONNULL = YES;
				CLANG_ANALYZER_NUMBER_OBJECT_CONVERSION = YES_AGGRESSIVE;
				CLANG_CXX_LANGUAGE_STANDARD = "gnu++17";
				CLANG_ENABLE_MODULES = YES;
				CLANG_ENABLE_OBJC_ARC = YES;
				CLANG_ENABLE_OBJC_WEAK = YES;
				CLANG_WARN_BLOCK_CAPTURE_AUTORELEASING = YES;
				CLANG_WARN_BOOL_CONVERSION = YES;
				CLANG_WARN_COMMA = YES;
				CLANG_WARN_CONSTANT_CONVERSION = YES;
				CLANG_WARN_DEPRECATED_OBJC_IMPLEMENTATIONS = YES;
				CLANG_WARN_DIRECT_OBJC_ISA_USAGE = YES_ERROR;
				CLANG_WARN_DOCUMENTATION_COMMENTS = YES;
				CLANG_WARN_EMPTY_BODY = YES;
				CLANG_WARN_ENUM_CONVERSION = YES;
				CLANG_WARN_INFINITE_RECURSION = YES;
				CLANG_WARN_INT_CONVERSION = YES;
				CLANG_WARN_NON_LITERAL_NULL_CONVERSION = YES;
				CLANG_WARN_OBJC_IMPLICIT_RETAIN_SELF = YES;
				CLANG_WARN_OBJC_LITERAL_CONVERSION = YES;
				CLANG_WARN_OBJC_ROOT_CLASS = YES_ERROR;
				CLANG_WARN_QUOTED_INCLUDE_IN_FRAMEWORK_HEADER = YES;
				CLANG_WARN_RANGE_LOOP_ANALYSIS = YES;
				CLANG_WARN_STRICT_PROTOTYPES = YES;
				CLANG_WARN_SUSPICIOUS_MOVE = YES;
				CLANG_WARN_UNGUARDED_AVAILABILITY = YES_AGGRESSIVE;
				CLANG_WARN_UNREACHABLE_CODE = YES;
				CLANG_WARN__DUPLICATE_METHOD_MATCH = YES;
				COPY_PHASE_STRIP = NO;
				DEBUG_INFORMATION_FORMAT = dwarf;
				ENABLE_STRICT_OBJC_MSGSEND = YES;
				ENABLE_TESTABILITY = YES;
				GCC_C_LANGUAGE_STANDARD = gnu11;
				GCC_DYNAMIC_NO_PIC = NO;
				GCC_NO_COMMON_BLOCKS = YES;
				GCC_OPTIMIZATION_LEVEL = 0;
				GCC_PREPROCESSOR_DEFINITIONS = (
					"DEBUG=1",
					"$(inherited)",
				);
				GCC_WARN_64_TO_32_BIT_CONVERSION = YES;
				GCC_WARN_ABOUT_RETURN_TYPE = YES_ERROR;
				GCC_WARN_UNDECLARED_SELECTOR = YES;
				GCC_WARN_UNINITIALIZED_AUTOS = YES_AGGRESSIVE;
				GCC_WARN_UNUSED_FUNCTION = YES;
				GCC_WARN_UNUSED_VARIABLE = YES;
				IPHONEOS_DEPLOYMENT_TARGET = 15.5;
				MTL_ENABLE_DEBUG_INFO = INCLUDE_SOURCE;
				MTL_FAST_MATH = YES;
				ONLY_ACTIVE_ARCH = YES;
				SDKROOT = iphoneos;
				SWIFT_ACTIVE_COMPILATION_CONDITIONS = DEBUG;
				SWIFT_OPTIMIZATION_LEVEL = "-Onone";
			};
			name = Debug;
		};
		F6FAF33828D42275008BBD7F /* Release */ = {
			isa = XCBuildConfiguration;
			buildSettings = {
				ALWAYS_SEARCH_USER_PATHS = NO;
				CLANG_ANALYZER_NONNULL = YES;
				CLANG_ANALYZER_NUMBER_OBJECT_CONVERSION = YES_AGGRESSIVE;
				CLANG_CXX_LANGUAGE_STANDARD = "gnu++17";
				CLANG_ENABLE_MODULES = YES;
				CLANG_ENABLE_OBJC_ARC = YES;
				CLANG_ENABLE_OBJC_WEAK = YES;
				CLANG_WARN_BLOCK_CAPTURE_AUTORELEASING = YES;
				CLANG_WARN_BOOL_CONVERSION = YES;
				CLANG_WARN_COMMA = YES;
				CLANG_WARN_CONSTANT_CONVERSION = YES;
				CLANG_WARN_DEPRECATED_OBJC_IMPLEMENTATIONS = YES;
				CLANG_WARN_DIRECT_OBJC_ISA_USAGE = YES_ERROR;
				CLANG_WARN_DOCUMENTATION_COMMENTS = YES;
				CLANG_WARN_EMPTY_BODY = YES;
				CLANG_WARN_ENUM_CONVERSION = YES;
				CLANG_WARN_INFINITE_RECURSION = YES;
				CLANG_WARN_INT_CONVERSION = YES;
				CLANG_WARN_NON_LITERAL_NULL_CONVERSION = YES;
				CLANG_WARN_OBJC_IMPLICIT_RETAIN_SELF = YES;
				CLANG_WARN_OBJC_LITERAL_CONVERSION = YES;
				CLANG_WARN_OBJC_ROOT_CLASS = YES_ERROR;
				CLANG_WARN_QUOTED_INCLUDE_IN_FRAMEWORK_HEADER = YES;
				CLANG_WARN_RANGE_LOOP_ANALYSIS = YES;
				CLANG_WARN_STRICT_PROTOTYPES = YES;
				CLANG_WARN_SUSPICIOUS_MOVE = YES;
				CLANG_WARN_UNGUARDED_AVAILABILITY = YES_AGGRESSIVE;
				CLANG_WARN_UNREACHABLE_CODE = YES;
				CLANG_WARN__DUPLICATE_METHOD_MATCH = YES;
				COPY_PHASE_STRIP = NO;
				DEBUG_INFORMATION_FORMAT = "dwarf-with-dsym";
				ENABLE_NS_ASSERTIONS = NO;
				ENABLE_STRICT_OBJC_MSGSEND = YES;
				GCC_C_LANGUAGE_STANDARD = gnu11;
				GCC_NO_COMMON_BLOCKS = YES;
				GCC_WARN_64_TO_32_BIT_CONVERSION = YES;
				GCC_WARN_ABOUT_RETURN_TYPE = YES_ERROR;
				GCC_WARN_UNDECLARED_SELECTOR = YES;
				GCC_WARN_UNINITIALIZED_AUTOS = YES_AGGRESSIVE;
				GCC_WARN_UNUSED_FUNCTION = YES;
				GCC_WARN_UNUSED_VARIABLE = YES;
				IPHONEOS_DEPLOYMENT_TARGET = 15.5;
				MTL_ENABLE_DEBUG_INFO = NO;
				MTL_FAST_MATH = YES;
				SDKROOT = iphoneos;
				SWIFT_COMPILATION_MODE = wholemodule;
				SWIFT_OPTIMIZATION_LEVEL = "-O";
				VALIDATE_PRODUCT = YES;
			};
			name = Release;
		};
		F6FAF33A28D42275008BBD7F /* Debug */ = {
			isa = XCBuildConfiguration;
			buildSettings = {
				ASSETCATALOG_COMPILER_APPICON_NAME = AppIcon;
				ASSETCATALOG_COMPILER_GLOBAL_ACCENT_COLOR_NAME = AccentColor;
				CODE_SIGN_STYLE = Automatic;
				CURRENT_PROJECT_VERSION = 1;
				DEVELOPMENT_ASSET_PATHS = "\"ageGuesser/Preview Content\"";
				DEVELOPMENT_TEAM = MUU5R72BC7;
				ENABLE_PREVIEWS = YES;
				GENERATE_INFOPLIST_FILE = YES;
				INFOPLIST_KEY_UIApplicationSceneManifest_Generation = YES;
				INFOPLIST_KEY_UIApplicationSupportsIndirectInputEvents = YES;
				INFOPLIST_KEY_UILaunchScreen_Generation = YES;
				INFOPLIST_KEY_UISupportedInterfaceOrientations_iPad = "UIInterfaceOrientationPortrait UIInterfaceOrientationPortraitUpsideDown UIInterfaceOrientationLandscapeLeft UIInterfaceOrientationLandscapeRight";
				INFOPLIST_KEY_UISupportedInterfaceOrientations_iPhone = "UIInterfaceOrientationPortrait UIInterfaceOrientationLandscapeLeft UIInterfaceOrientationLandscapeRight";
				LD_RUNPATH_SEARCH_PATHS = (
					"$(inherited)",
					"@executable_path/Frameworks",
				);
				MARKETING_VERSION = 1.0;
				PRODUCT_BUNDLE_IDENTIFIER = "turner-white.ageGuesser";
				PRODUCT_NAME = "$(TARGET_NAME)";
				SWIFT_EMIT_LOC_STRINGS = YES;
				SWIFT_VERSION = 5.0;
				TARGETED_DEVICE_FAMILY = "1,2";
			};
			name = Debug;
		};
		F6FAF33B28D42275008BBD7F /* Release */ = {
			isa = XCBuildConfiguration;
			buildSettings = {
				ASSETCATALOG_COMPILER_APPICON_NAME = AppIcon;
				ASSETCATALOG_COMPILER_GLOBAL_ACCENT_COLOR_NAME = AccentColor;
				CODE_SIGN_STYLE = Automatic;
				CURRENT_PROJECT_VERSION = 1;
				DEVELOPMENT_ASSET_PATHS = "\"ageGuesser/Preview Content\"";
				DEVELOPMENT_TEAM = MUU5R72BC7;
				ENABLE_PREVIEWS = YES;
				GENERATE_INFOPLIST_FILE = YES;
				INFOPLIST_KEY_UIApplicationSceneManifest_Generation = YES;
				INFOPLIST_KEY_UIApplicationSupportsIndirectInputEvents = YES;
				INFOPLIST_KEY_UILaunchScreen_Generation = YES;
				INFOPLIST_KEY_UISupportedInterfaceOrientations_iPad = "UIInterfaceOrientationPortrait UIInterfaceOrientationPortraitUpsideDown UIInterfaceOrientationLandscapeLeft UIInterfaceOrientationLandscapeRight";
				INFOPLIST_KEY_UISupportedInterfaceOrientations_iPhone = "UIInterfaceOrientationPortrait UIInterfaceOrientationLandscapeLeft UIInterfaceOrientationLandscapeRight";
				LD_RUNPATH_SEARCH_PATHS = (
					"$(inherited)",
					"@executable_path/Frameworks",
				);
				MARKETING_VERSION = 1.0;
				PRODUCT_BUNDLE_IDENTIFIER = "turner-white.ageGuesser";
				PRODUCT_NAME = "$(TARGET_NAME)";
				SWIFT_EMIT_LOC_STRINGS = YES;
				SWIFT_VERSION = 5.0;
				TARGETED_DEVICE_FAMILY = "1,2";
			};
			name = Release;
		};
/* End XCBuildConfiguration section */

/* Begin XCConfigurationList section */
		F6FAF32628D42270008BBD7F /* Build configuration list for PBXProject "ageGuesser" */ = {
			isa = XCConfigurationList;
			buildConfigurations = (
				F6FAF33728D42275008BBD7F /* Debug */,
				F6FAF33828D42275008BBD7F /* Release */,
			);
			defaultConfigurationIsVisible = 0;
			defaultConfigurationName = Release;
		};
		F6FAF33928D42275008BBD7F /* Build configuration list for PBXNativeTarget "ageGuesser" */ = {
			isa = XCConfigurationList;
			buildConfigurations = (
				F6FAF33A28D42275008BBD7F /* Debug */,
				F6FAF33B28D42275008BBD7F /* Release */,
			);
			defaultConfigurationIsVisible = 0;
			defaultConfigurationName = Release;
		};
/* End XCConfigurationList section */
	};
	rootObject = F6FAF32328D42270008BBD7F /* Project object */;
}
